
Microsoft Visual Studio Solution File, Format Version 12.00
# Visual Studio 15
VisualStudioVersion = 15.0.27004.2002
MinimumVisualStudioVersion = 10.0.40219.1
Project("{9A19103F-16F7-4668-BE54-9A1E7A4F7556}") = "01. Phonebook", "01. Phonebook\01. Phonebook.csproj", "{B6914445-7E79-4750-816A-CF9FAE1EEB3E}"
EndProject
Project("{9A19103F-16F7-4668-BE54-9A1E7A4F7556}") = "02. Phonebook Upgrade", "02. Phonebook Upgrade\02. Phonebook Upgrade.csproj", "{4A2195DB-BC15-4B8E-8BD2-7339A182236D}"
EndProject
Project("{9A19103F-16F7-4668-BE54-9A1E7A4F7556}") = "03. A Miner Task", "03. A Miner Task\03. A Miner Task.csproj", "{C8678BB1-D4EB-4394-B29D-B973C17D28A0}"
EndProject
Project("{9A19103F-16F7-4668-BE54-9A1E7A4F7556}") = "04. Fix Emails", "04. Fix Emails\04. Fix Emails.csproj", "{DB5BBBA7-DCE4-46F1-9411-54A129DE2A17}"
EndProject
Project("{9A19103F-16F7-4668-BE54-9A1E7A4F7556}") = "05. Hands of Cards", "05. Hands of Cards\05. Hands of Cards.csproj", "{82CBC97D-C8D8-4EFD-9EFF-06742BBF1942}"
EndProject
Project("{FAE04EC0-301F-11D3-BF4B-00C04F79EFBC}") = "06. User Logs", "06. User Logs\06. User Logs.csproj", "{A9E590D9-566B-44C2-A1C8-85359F7F3DDF}"
EndProject
Global
	GlobalSection(SolutionConfigurationPlatforms) = preSolution
		Debug|Any CPU = Debug|Any CPU
		Release|Any CPU = Release|Any CPU
	EndGlobalSection
	GlobalSection(ProjectConfigurationPlatforms) = postSolution
		{B6914445-7E79-4750-816A-CF9FAE1EEB3E}.Debug|Any CPU.ActiveCfg = Debug|Any CPU
		{B6914445-7E79-4750-816A-CF9FAE1EEB3E}.Debug|Any CPU.Build.0 = Debug|Any CPU
		{B6914445-7E79-4750-816A-CF9FAE1EEB3E}.Release|Any CPU.ActiveCfg = Release|Any CPU
		{B6914445-7E79-4750-816A-CF9FAE1EEB3E}.Release|Any CPU.Build.0 = Release|Any CPU
		{4A2195DB-BC15-4B8E-8BD2-7339A182236D}.Debug|Any CPU.ActiveCfg = Debug|Any CPU
		{4A2195DB-BC15-4B8E-8BD2-7339A182236D}.Debug|Any CPU.Build.0 = Debug|Any CPU
		{4A2195DB-BC15-4B8E-8BD2-7339A182236D}.Release|Any CPU.ActiveCfg = Release|Any CPU
		{4A2195DB-BC15-4B8E-8BD2-7339A182236D}.Release|Any CPU.Build.0 = Release|Any CPU
		{C8678BB1-D4EB-4394-B29D-B973C17D28A0}.Debug|Any CPU.ActiveCfg = Debug|Any CPU
		{C8678BB1-D4EB-4394-B29D-B973C17D28A0}.Debug|Any CPU.Build.0 = Debug|Any CPU
		{C8678BB1-D4EB-4394-B29D-B973C17D28A0}.Release|Any CPU.ActiveCfg = Release|Any CPU
		{C8678BB1-D4EB-4394-B29D-B973C17D28A0}.Release|Any CPU.Build.0 = Release|Any CPU
		{DB5BBBA7-DCE4-46F1-9411-54A129DE2A17}.Debug|Any CPU.ActiveCfg = Debug|Any CPU
		{DB5BBBA7-DCE4-46F1-9411-54A129DE2A17}.Debug|Any CPU.Build.0 = Debug|Any CPU
		{DB5BBBA7-DCE4-46F1-9411-54A129DE2A17}.Release|Any CPU.ActiveCfg = Release|Any CPU
		{DB5BBBA7-DCE4-46F1-9411-54A129DE2A17}.Release|Any CPU.Build.0 = Release|Any CPU
		{82CBC97D-C8D8-4EFD-9EFF-06742BBF1942}.Debug|Any CPU.ActiveCfg = Debug|Any CPU
		{82CBC97D-C8D8-4EFD-9EFF-06742BBF1942}.Debug|Any CPU.Build.0 = Debug|Any CPU
		{82CBC97D-C8D8-4EFD-9EFF-06742BBF1942}.Release|Any CPU.ActiveCfg = Release|Any CPU
		{82CBC97D-C8D8-4EFD-9EFF-06742BBF1942}.Release|Any CPU.Build.0 = Release|Any CPU
		{A9E590D9-566B-44C2-A1C8-85359F7F3DDF}.Debug|Any CPU.ActiveCfg = Debug|Any CPU
		{A9E590D9-566B-44C2-A1C8-85359F7F3DDF}.Debug|Any CPU.Build.0 = Debug|Any CPU
		{A9E590D9-566B-44C2-A1C8-85359F7F3DDF}.Release|Any CPU.ActiveCfg = Release|Any CPU
		{A9E590D9-566B-44C2-A1C8-85359F7F3DDF}.Release|Any CPU.Build.0 = Release|Any CPU
	EndGlobalSection
	GlobalSection(SolutionProperties) = preSolution
		HideSolutionNode = FALSE
	EndGlobalSection
	GlobalSection(ExtensibilityGlobals) = postSolution
		SolutionGuid = {C80108F4-F14B-48BB-9390-83BBE358C637}
	EndGlobalSection
EndGlobal
