
Microsoft Visual Studio Solution File, Format Version 12.00
# Visual Studio 15
VisualStudioVersion = 15.0.27004.2002
MinimumVisualStudioVersion = 10.0.40219.1
Project("{FAE04EC0-301F-11D3-BF4B-00C04F79EFBC}") = "01. Most Frequent Number", "..\Files,Directories and Exceptions-Exerci\01. Most Frequent Number\01. Most Frequent Number.csproj", "{1666513D-67E3-40B2-A787-66327A599B80}"
EndProject
Global
	GlobalSection(SolutionConfigurationPlatforms) = preSolution
		Debug|Any CPU = Debug|Any CPU
		Release|Any CPU = Release|Any CPU
	EndGlobalSection
	GlobalSection(ProjectConfigurationPlatforms) = postSolution
		{1666513D-67E3-40B2-A787-66327A599B80}.Debug|Any CPU.ActiveCfg = Debug|Any CPU
		{1666513D-67E3-40B2-A787-66327A599B80}.Debug|Any CPU.Build.0 = Debug|Any CPU
		{1666513D-67E3-40B2-A787-66327A599B80}.Release|Any CPU.ActiveCfg = Release|Any CPU
		{1666513D-67E3-40B2-A787-66327A599B80}.Release|Any CPU.Build.0 = Release|Any CPU
	EndGlobalSection
	GlobalSection(SolutionProperties) = preSolution
		HideSolutionNode = FALSE
	EndGlobalSection
	GlobalSection(ExtensibilityGlobals) = postSolution
		SolutionGuid = {16ED028C-3535-49C6-A87B-D69193B9993C}
	EndGlobalSection
EndGlobal
