
Microsoft Visual Studio Solution File, Format Version 12.00
# Visual Studio 15
VisualStudioVersion = 15.0.26730.16
MinimumVisualStudioVersion = 10.0.40219.1
Project("{FAE04EC0-301F-11D3-BF4B-00C04F79EFBC}") = "01. Sweet Dessert", "01. Sweet Dessert\01. Sweet Dessert.csproj", "{CC4B822A-B22E-412B-908B-40766DF3E6B7}"
EndProject
Project("{FAE04EC0-301F-11D3-BF4B-00C04F79EFBC}") = "02. Array Manipulator", "02. Array Manipulator\02. Array Manipulator.csproj", "{6E9A8EB9-2E27-4677-9715-83FC871F33B9}"
EndProject
Global
	GlobalSection(SolutionConfigurationPlatforms) = preSolution
		Debug|Any CPU = Debug|Any CPU
		Release|Any CPU = Release|Any CPU
	EndGlobalSection
	GlobalSection(ProjectConfigurationPlatforms) = postSolution
		{CC4B822A-B22E-412B-908B-40766DF3E6B7}.Debug|Any CPU.ActiveCfg = Debug|Any CPU
		{CC4B822A-B22E-412B-908B-40766DF3E6B7}.Debug|Any CPU.Build.0 = Debug|Any CPU
		{CC4B822A-B22E-412B-908B-40766DF3E6B7}.Release|Any CPU.ActiveCfg = Release|Any CPU
		{CC4B822A-B22E-412B-908B-40766DF3E6B7}.Release|Any CPU.Build.0 = Release|Any CPU
		{6E9A8EB9-2E27-4677-9715-83FC871F33B9}.Debug|Any CPU.ActiveCfg = Debug|Any CPU
		{6E9A8EB9-2E27-4677-9715-83FC871F33B9}.Debug|Any CPU.Build.0 = Debug|Any CPU
		{6E9A8EB9-2E27-4677-9715-83FC871F33B9}.Release|Any CPU.ActiveCfg = Release|Any CPU
		{6E9A8EB9-2E27-4677-9715-83FC871F33B9}.Release|Any CPU.Build.0 = Release|Any CPU
	EndGlobalSection
	GlobalSection(SolutionProperties) = preSolution
		HideSolutionNode = FALSE
	EndGlobalSection
	GlobalSection(ExtensibilityGlobals) = postSolution
		SolutionGuid = {8C9C1DBA-D889-4480-876F-2E0220C8DCD3}
	EndGlobalSection
EndGlobal
