
Microsoft Visual Studio Solution File, Format Version 12.00
# Visual Studio 15
VisualStudioVersion = 15.0.27004.2002
MinimumVisualStudioVersion = 10.0.40219.1
Project("{FAE04EC0-301F-11D3-BF4B-00C04F79EFBC}") = "01. Convert from base-10 to base-N", "01. Convert from base-10 to base-N\01. Convert from base-10 to base-N.csproj", "{D9EC8CC1-DF31-47EB-A0C2-CA46859C483B}"
EndProject
Project("{FAE04EC0-301F-11D3-BF4B-00C04F79EFBC}") = "02. Convert from base-N to base-10", "02. Convert from base-N to base-10\02. Convert from base-N to base-10.csproj", "{41A83B24-DEA1-427B-9EF1-92DB540CDEE4}"
EndProject
Project("{FAE04EC0-301F-11D3-BF4B-00C04F79EFBC}") = "03. Unicode Characters", "03. Unicode Characters\03. Unicode Characters.csproj", "{82379A9C-BF0F-4A2F-870E-D90E1D85B460}"
EndProject
Project("{FAE04EC0-301F-11D3-BF4B-00C04F79EFBC}") = "04. Character Multiplier", "04. Character Multiplier\04. Character Multiplier.csproj", "{442DA405-502C-493F-BEB5-DDDA52872B22}"
EndProject
Project("{FAE04EC0-301F-11D3-BF4B-00C04F79EFBC}") = "05. Magic exchangeable words", "05. Magic exchangeable words\05. Magic exchangeable words.csproj", "{7C2EC323-263B-410C-B0E2-5D8B143D8D16}"
EndProject
Project("{FAE04EC0-301F-11D3-BF4B-00C04F79EFBC}") = "06. Sum big numbers", "06. Sum big numbers\06. Sum big numbers.csproj", "{92F5CFCA-7EE6-488C-90DC-B0531E1DE9CD}"
EndProject
Global
	GlobalSection(SolutionConfigurationPlatforms) = preSolution
		Debug|Any CPU = Debug|Any CPU
		Release|Any CPU = Release|Any CPU
	EndGlobalSection
	GlobalSection(ProjectConfigurationPlatforms) = postSolution
		{D9EC8CC1-DF31-47EB-A0C2-CA46859C483B}.Debug|Any CPU.ActiveCfg = Debug|Any CPU
		{D9EC8CC1-DF31-47EB-A0C2-CA46859C483B}.Debug|Any CPU.Build.0 = Debug|Any CPU
		{D9EC8CC1-DF31-47EB-A0C2-CA46859C483B}.Release|Any CPU.ActiveCfg = Release|Any CPU
		{D9EC8CC1-DF31-47EB-A0C2-CA46859C483B}.Release|Any CPU.Build.0 = Release|Any CPU
		{41A83B24-DEA1-427B-9EF1-92DB540CDEE4}.Debug|Any CPU.ActiveCfg = Debug|Any CPU
		{41A83B24-DEA1-427B-9EF1-92DB540CDEE4}.Debug|Any CPU.Build.0 = Debug|Any CPU
		{41A83B24-DEA1-427B-9EF1-92DB540CDEE4}.Release|Any CPU.ActiveCfg = Release|Any CPU
		{41A83B24-DEA1-427B-9EF1-92DB540CDEE4}.Release|Any CPU.Build.0 = Release|Any CPU
		{82379A9C-BF0F-4A2F-870E-D90E1D85B460}.Debug|Any CPU.ActiveCfg = Debug|Any CPU
		{82379A9C-BF0F-4A2F-870E-D90E1D85B460}.Debug|Any CPU.Build.0 = Debug|Any CPU
		{82379A9C-BF0F-4A2F-870E-D90E1D85B460}.Release|Any CPU.ActiveCfg = Release|Any CPU
		{82379A9C-BF0F-4A2F-870E-D90E1D85B460}.Release|Any CPU.Build.0 = Release|Any CPU
		{442DA405-502C-493F-BEB5-DDDA52872B22}.Debug|Any CPU.ActiveCfg = Debug|Any CPU
		{442DA405-502C-493F-BEB5-DDDA52872B22}.Debug|Any CPU.Build.0 = Debug|Any CPU
		{442DA405-502C-493F-BEB5-DDDA52872B22}.Release|Any CPU.ActiveCfg = Release|Any CPU
		{442DA405-502C-493F-BEB5-DDDA52872B22}.Release|Any CPU.Build.0 = Release|Any CPU
		{7C2EC323-263B-410C-B0E2-5D8B143D8D16}.Debug|Any CPU.ActiveCfg = Debug|Any CPU
		{7C2EC323-263B-410C-B0E2-5D8B143D8D16}.Debug|Any CPU.Build.0 = Debug|Any CPU
		{7C2EC323-263B-410C-B0E2-5D8B143D8D16}.Release|Any CPU.ActiveCfg = Release|Any CPU
		{7C2EC323-263B-410C-B0E2-5D8B143D8D16}.Release|Any CPU.Build.0 = Release|Any CPU
		{92F5CFCA-7EE6-488C-90DC-B0531E1DE9CD}.Debug|Any CPU.ActiveCfg = Debug|Any CPU
		{92F5CFCA-7EE6-488C-90DC-B0531E1DE9CD}.Debug|Any CPU.Build.0 = Debug|Any CPU
		{92F5CFCA-7EE6-488C-90DC-B0531E1DE9CD}.Release|Any CPU.ActiveCfg = Release|Any CPU
		{92F5CFCA-7EE6-488C-90DC-B0531E1DE9CD}.Release|Any CPU.Build.0 = Release|Any CPU
	EndGlobalSection
	GlobalSection(SolutionProperties) = preSolution
		HideSolutionNode = FALSE
	EndGlobalSection
	GlobalSection(ExtensibilityGlobals) = postSolution
		SolutionGuid = {C24A987B-D13A-45F1-8B65-1C781A2E6C42}
	EndGlobalSection
EndGlobal
