
Microsoft Visual Studio Solution File, Format Version 12.00
# Visual Studio 15
VisualStudioVersion = 15.0.27004.2002
MinimumVisualStudioVersion = 10.0.40219.1
Project("{FAE04EC0-301F-11D3-BF4B-00C04F79EFBC}") = "01. Charity Marathon", "01. Charity Marathon\01. Charity Marathon.csproj", "{A73C693F-4F49-4127-B7D5-646DF9AEB02A}"
EndProject
Project("{FAE04EC0-301F-11D3-BF4B-00C04F79EFBC}") = "02. Ladybugs", "02. Ladybugs\02. Ladybugs.csproj", "{EF0F2803-6891-4B90-A71F-36479DBE58E1}"
EndProject
Project("{FAE04EC0-301F-11D3-BF4B-00C04F79EFBC}") = "03. Nether Realms", "03. Nether Realms\03. Nether Realms.csproj", "{8F9C40B8-32E6-4714-9422-D74A6A921791}"
EndProject
Project("{FAE04EC0-301F-11D3-BF4B-00C04F79EFBC}") = "04. Roli The Coder", "04. Roli The Coder\04. Roli The Coder.csproj", "{DE7D264D-2A22-4C44-B47E-0CABD792B7FB}"
EndProject
Global
	GlobalSection(SolutionConfigurationPlatforms) = preSolution
		Debug|Any CPU = Debug|Any CPU
		Release|Any CPU = Release|Any CPU
	EndGlobalSection
	GlobalSection(ProjectConfigurationPlatforms) = postSolution
		{A73C693F-4F49-4127-B7D5-646DF9AEB02A}.Debug|Any CPU.ActiveCfg = Debug|Any CPU
		{A73C693F-4F49-4127-B7D5-646DF9AEB02A}.Debug|Any CPU.Build.0 = Debug|Any CPU
		{A73C693F-4F49-4127-B7D5-646DF9AEB02A}.Release|Any CPU.ActiveCfg = Release|Any CPU
		{A73C693F-4F49-4127-B7D5-646DF9AEB02A}.Release|Any CPU.Build.0 = Release|Any CPU
		{EF0F2803-6891-4B90-A71F-36479DBE58E1}.Debug|Any CPU.ActiveCfg = Debug|Any CPU
		{EF0F2803-6891-4B90-A71F-36479DBE58E1}.Debug|Any CPU.Build.0 = Debug|Any CPU
		{EF0F2803-6891-4B90-A71F-36479DBE58E1}.Release|Any CPU.ActiveCfg = Release|Any CPU
		{EF0F2803-6891-4B90-A71F-36479DBE58E1}.Release|Any CPU.Build.0 = Release|Any CPU
		{8F9C40B8-32E6-4714-9422-D74A6A921791}.Debug|Any CPU.ActiveCfg = Debug|Any CPU
		{8F9C40B8-32E6-4714-9422-D74A6A921791}.Debug|Any CPU.Build.0 = Debug|Any CPU
		{8F9C40B8-32E6-4714-9422-D74A6A921791}.Release|Any CPU.ActiveCfg = Release|Any CPU
		{8F9C40B8-32E6-4714-9422-D74A6A921791}.Release|Any CPU.Build.0 = Release|Any CPU
		{DE7D264D-2A22-4C44-B47E-0CABD792B7FB}.Debug|Any CPU.ActiveCfg = Debug|Any CPU
		{DE7D264D-2A22-4C44-B47E-0CABD792B7FB}.Debug|Any CPU.Build.0 = Debug|Any CPU
		{DE7D264D-2A22-4C44-B47E-0CABD792B7FB}.Release|Any CPU.ActiveCfg = Release|Any CPU
		{DE7D264D-2A22-4C44-B47E-0CABD792B7FB}.Release|Any CPU.Build.0 = Release|Any CPU
	EndGlobalSection
	GlobalSection(SolutionProperties) = preSolution
		HideSolutionNode = FALSE
	EndGlobalSection
	GlobalSection(ExtensibilityGlobals) = postSolution
		SolutionGuid = {78CD7ACB-623E-49F6-B805-8B82E79293FC}
	EndGlobalSection
EndGlobal
