
Microsoft Visual Studio Solution File, Format Version 12.00
# Visual Studio 15
VisualStudioVersion = 15.0.27004.2002
MinimumVisualStudioVersion = 10.0.40219.1
Project("{FAE04EC0-301F-11D3-BF4B-00C04F79EFBC}") = "01. Hornet Wings", "01. Hornet Wings\01. Hornet Wings.csproj", "{4E90AC4F-E407-4DAF-8B06-9B87B2FE5158}"
EndProject
Project("{FAE04EC0-301F-11D3-BF4B-00C04F79EFBC}") = "02. Hornet Comm1", "02. Hornet Comm1\02. Hornet Comm1.csproj", "{B74E2E79-0C5A-4620-AB43-6E948BFFB273}"
EndProject
Project("{FAE04EC0-301F-11D3-BF4B-00C04F79EFBC}") = "03. Hornet Assault", "03. Hornet Assault\03. Hornet Assault.csproj", "{DD07EE92-4F0D-482F-994E-1794E1D2DA58}"
EndProject
Project("{FAE04EC0-301F-11D3-BF4B-00C04F79EFBC}") = "04. Hornet Armada", "04. Hornet Armada\04. Hornet Armada.csproj", "{15340C6E-A2C6-40DD-BE4D-F4A9FF35F677}"
EndProject
Global
	GlobalSection(SolutionConfigurationPlatforms) = preSolution
		Debug|Any CPU = Debug|Any CPU
		Release|Any CPU = Release|Any CPU
	EndGlobalSection
	GlobalSection(ProjectConfigurationPlatforms) = postSolution
		{4E90AC4F-E407-4DAF-8B06-9B87B2FE5158}.Debug|Any CPU.ActiveCfg = Debug|Any CPU
		{4E90AC4F-E407-4DAF-8B06-9B87B2FE5158}.Debug|Any CPU.Build.0 = Debug|Any CPU
		{4E90AC4F-E407-4DAF-8B06-9B87B2FE5158}.Release|Any CPU.ActiveCfg = Release|Any CPU
		{4E90AC4F-E407-4DAF-8B06-9B87B2FE5158}.Release|Any CPU.Build.0 = Release|Any CPU
		{B74E2E79-0C5A-4620-AB43-6E948BFFB273}.Debug|Any CPU.ActiveCfg = Debug|Any CPU
		{B74E2E79-0C5A-4620-AB43-6E948BFFB273}.Debug|Any CPU.Build.0 = Debug|Any CPU
		{B74E2E79-0C5A-4620-AB43-6E948BFFB273}.Release|Any CPU.ActiveCfg = Release|Any CPU
		{B74E2E79-0C5A-4620-AB43-6E948BFFB273}.Release|Any CPU.Build.0 = Release|Any CPU
		{DD07EE92-4F0D-482F-994E-1794E1D2DA58}.Debug|Any CPU.ActiveCfg = Debug|Any CPU
		{DD07EE92-4F0D-482F-994E-1794E1D2DA58}.Debug|Any CPU.Build.0 = Debug|Any CPU
		{DD07EE92-4F0D-482F-994E-1794E1D2DA58}.Release|Any CPU.ActiveCfg = Release|Any CPU
		{DD07EE92-4F0D-482F-994E-1794E1D2DA58}.Release|Any CPU.Build.0 = Release|Any CPU
		{15340C6E-A2C6-40DD-BE4D-F4A9FF35F677}.Debug|Any CPU.ActiveCfg = Debug|Any CPU
		{15340C6E-A2C6-40DD-BE4D-F4A9FF35F677}.Debug|Any CPU.Build.0 = Debug|Any CPU
		{15340C6E-A2C6-40DD-BE4D-F4A9FF35F677}.Release|Any CPU.ActiveCfg = Release|Any CPU
		{15340C6E-A2C6-40DD-BE4D-F4A9FF35F677}.Release|Any CPU.Build.0 = Release|Any CPU
	EndGlobalSection
	GlobalSection(SolutionProperties) = preSolution
		HideSolutionNode = FALSE
	EndGlobalSection
	GlobalSection(ExtensibilityGlobals) = postSolution
		SolutionGuid = {A2118AEA-1A8D-4BDD-852E-BB593956E2F3}
	EndGlobalSection
EndGlobal
